Microsoft Visual Studio Solution File, Format Version 12.00
# Visual Studio Version 17
VisualStudioVersion = 17.5.2.0
MinimumVisualStudioVersion = 10.0.40219.1
Project("{FAE04EC0-301F-11D3-BF4B-00C04F79EFBC}") = "FunctionExecutor", "FunctionExecutor.csproj", "{A4173FC1-8414-3168-B754-76DCC1BD87EA}"
EndProject
Global
	GlobalSection(SolutionConfigurationPlatforms) = preSolution
		Debug|Any CPU = Debug|Any CPU
		Release|Any CPU = Release|Any CPU
	EndGlobalSection
	GlobalSection(ProjectConfigurationPlatforms) = postSolution
		{A4173FC1-8414-3168-B754-76DCC1BD87EA}.Debug|Any CPU.ActiveCfg = Debug|Any CPU
		{A4173FC1-8414-3168-B754-76DCC1BD87EA}.Debug|Any CPU.Build.0 = Debug|Any CPU
		{A4173FC1-8414-3168-B754-76DCC1BD87EA}.Release|Any CPU.ActiveCfg = Release|Any CPU
		{A4173FC1-8414-3168-B754-76DCC1BD87EA}.Release|Any CPU.Build.0 = Release|Any CPU
	EndGlobalSection
	GlobalSection(SolutionProperties) = preSolution
		HideSolutionNode = FALSE
	EndGlobalSection
	GlobalSection(ExtensibilityGlobals) = postSolution
		SolutionGuid = {CB0AFCB3-0BAF-4FFD-8884-6D40670DB4AD}
	EndGlobalSection
EndGlobal
